
Microsoft Visual Studio Solution File, Format Version 12.00
# Visual Studio Version 16
VisualStudioVersion = 16.0.29806.167
MinimumVisualStudioVersion = 10.0.40219.1
Project("{FAE04EC0-301F-11D3-BF4B-00C04F79EFBC}") = "HoneyDoService", "HoneyDoService\HoneyDoService.csproj", "{394F6037-8D91-4E80-BBBF-2564291D77C6}"
EndProject
Global
	GlobalSection(SolutionConfigurationPlatforms) = preSolution
		Debug|Any CPU = Debug|Any CPU
		Release|Any CPU = Release|Any CPU
	EndGlobalSection
	GlobalSection(ProjectConfigurationPlatforms) = postSolution
		{394F6037-8D91-4E80-BBBF-2564291D77C6}.Debug|Any CPU.ActiveCfg = Debug|Any CPU
		{394F6037-8D91-4E80-BBBF-2564291D77C6}.Debug|Any CPU.Build.0 = Debug|Any CPU
		{394F6037-8D91-4E80-BBBF-2564291D77C6}.Release|Any CPU.ActiveCfg = Release|Any CPU
		{394F6037-8D91-4E80-BBBF-2564291D77C6}.Release|Any CPU.Build.0 = Release|Any CPU
	EndGlobalSection
	GlobalSection(SolutionProperties) = preSolution
		HideSolutionNode = FALSE
	EndGlobalSection
	GlobalSection(ExtensibilityGlobals) = postSolution
		SolutionGuid = {B9B61F52-37E6-4CE2-8274-FCDCE205E162}
	EndGlobalSection
EndGlobal
